github.com/mdw-go/exec v1.4.0 h1:rXaTwnJZww2BLCBVPC9s0PYqL3xjgDWPu3mDzwwD6Es=
github.com/mdw-go/exec v1.4.0/go.mod h1:nJwOdsE812y/WonmN/edSaNSQ33sq/V7Dd9DduDlQcM=
github.com/mdw-go/funcy v1.13.0 h1:HHlf+JO/1GvbH6DLtt+QPanf9jHv4nlX9aRE0fteqkE=
github.com/mdw-go/funcy v1.13.0/go.mod h1:pEMFKhuAq1u6bbXZtw3xskHru4YfabK/Rv9U0UgwAos=
github.com/mdw-go/must v1.5.0 h1:Ql75ARui6do3Gf8DNrxUheuo42/FXZbDP3UzpQLh1aI=
github.com/mdw-go/must v1.5.0/go.mod h1:egFwsdnV884XLvyCRH1qZ922IpuuemotO7ej0zEkcyM=
github.com/mdw-go/set/v2 v2.4.0 h1:lj9RLQkbUuILp1tz4JKIG0WMWjnIr471ZnUkPpDZpDA=
github.com/mdw-go/set/v2 v2.4.0/go.mod h1:DvRL1JAa01FXE1nZWpR/hbGhCJEXLIvfUCamxgiqJpQ=
github.com/mdw-go/slogging v1.1.0 h1:5NwX0FLoK+Szp97ZxERtimqlbjRngnLGumt55Kl21eQ=
github.com/mdw-go/slogging v1.1.0/go.mod h1:91mc7fRPRPYMkqokjSzZUSKcLKC0b8zjZ7RRV2WVH48=
github.com/mdw-go/testing v1.5.1 h1:lUcj4MM7SA29bZ6PPspaqw2PpPmb/GL/EuoEQSPzeOI=
github.com/mdw-go/testing v1.5.1/go.mod h1:PpDrOp7WpQjh7nREEh8v0d7DZDA4Y/ffLEh/ixCGLlY=
github.com/mdw-go/tui/v2 v2.1.1 h1:3DCJPxkxtccWyvDxS+0cUzFTr6LWQ7IqA3BuSbfpCPY=
github.com/mdw-go/tui/v2 v2.1.1/go.mod h1:1s/uMeFW7PGOf1+1cz80c3zV+XAd2djNyEKsEeiCjkY=
